Microsoft Visual Studio Solution File, Format Version 12.00
# Visual Studio Version 17
VisualStudioVersion = 17.5.2.0
MinimumVisualStudioVersion = 10.0.40219.1
Project("{FAE04EC0-301F-11D3-BF4B-00C04F79EFBC}") = "BiliotecaAPI", "BiliotecaAPI.csproj", "{57A7B379-7299-75B8-EECF-25D7A6610C93}"
EndProject
Global
	GlobalSection(SolutionConfigurationPlatforms) = preSolution
		Debug|Any CPU = Debug|Any CPU
		Release|Any CPU = Release|Any CPU
	EndGlobalSection
	GlobalSection(ProjectConfigurationPlatforms) = postSolution
		{57A7B379-7299-75B8-EECF-25D7A6610C93}.Debug|Any CPU.ActiveCfg = Debug|Any CPU
		{57A7B379-7299-75B8-EECF-25D7A6610C93}.Debug|Any CPU.Build.0 = Debug|Any CPU
		{57A7B379-7299-75B8-EECF-25D7A6610C93}.Release|Any CPU.ActiveCfg = Release|Any CPU
		{57A7B379-7299-75B8-EECF-25D7A6610C93}.Release|Any CPU.Build.0 = Release|Any CPU
	EndGlobalSection
	GlobalSection(SolutionProperties) = preSolution
		HideSolutionNode = FALSE
	EndGlobalSection
	GlobalSection(ExtensibilityGlobals) = postSolution
		SolutionGuid = {547AEE7D-6BF2-484D-AA88-9A8080A702EE}
	EndGlobalSection
EndGlobal
